
Microsoft Visual Studio Solution File, Format Version 12.00
# Visual Studio Version 16
VisualStudioVersion = 16.0.30523.141
MinimumVisualStudioVersion = 10.0.40219.1
Project("{9A19103F-16F7-4668-BE54-9A1E7A4F7556}") = "Chat", "Chat\Chat.csproj", "{6B97FF77-E9B3-47A5-8594-A57F768CAC34}"
EndProject
Project("{FAE04EC0-301F-11D3-BF4B-00C04F79EFBC}") = "Client", "Client\Client.csproj", "{DD99518E-D885-4646-88A5-0983D6DEA5DB}"
EndProject
Global
	GlobalSection(SolutionConfigurationPlatforms) = preSolution
		Debug|Any CPU = Debug|Any CPU
		Release|Any CPU = Release|Any CPU
	EndGlobalSection
	GlobalSection(ProjectConfigurationPlatforms) = postSolution
		{6B97FF77-E9B3-47A5-8594-A57F768CAC34}.Debug|Any CPU.ActiveCfg = Debug|Any CPU
		{6B97FF77-E9B3-47A5-8594-A57F768CAC34}.Debug|Any CPU.Build.0 = Debug|Any CPU
		{6B97FF77-E9B3-47A5-8594-A57F768CAC34}.Release|Any CPU.ActiveCfg = Release|Any CPU
		{6B97FF77-E9B3-47A5-8594-A57F768CAC34}.Release|Any CPU.Build.0 = Release|Any CPU
		{DD99518E-D885-4646-88A5-0983D6DEA5DB}.Debug|Any CPU.ActiveCfg = Debug|Any CPU
		{DD99518E-D885-4646-88A5-0983D6DEA5DB}.Debug|Any CPU.Build.0 = Debug|Any CPU
		{DD99518E-D885-4646-88A5-0983D6DEA5DB}.Release|Any CPU.ActiveCfg = Release|Any CPU
		{DD99518E-D885-4646-88A5-0983D6DEA5DB}.Release|Any CPU.Build.0 = Release|Any CPU
	EndGlobalSection
	GlobalSection(SolutionProperties) = preSolution
		HideSolutionNode = FALSE
	EndGlobalSection
	GlobalSection(ExtensibilityGlobals) = postSolution
		SolutionGuid = {F1442F50-7457-4F51-9BC8-5841DB70822F}
	EndGlobalSection
EndGlobal
